
Microsoft Visual Studio Solution File, Format Version 12.00
# Visual Studio Version 17
VisualStudioVersion = 17.14.36221.1 d17.14
MinimumVisualStudioVersion = 10.0.40219.1
Project("{151D2E53-A2C4-4D7D-83FE-D05416EBD58E}") = "AzureResourceGroupSQLServer", "AzureResourceGroupSQLServer\AzureResourceGroupSQLServer.deployproj", "{A6A0BECE-72BE-4704-A661-CD57818CD0D4}"
EndProject
Global
	GlobalSection(SolutionConfigurationPlatforms) = preSolution
		Debug|Any CPU = Debug|Any CPU
		Release|Any CPU = Release|Any CPU
	EndGlobalSection
	GlobalSection(ProjectConfigurationPlatforms) = postSolution
		{A6A0BECE-72BE-4704-A661-CD57818CD0D4}.Debug|Any CPU.ActiveCfg = Debug|Any CPU
		{A6A0BECE-72BE-4704-A661-CD57818CD0D4}.Debug|Any CPU.Build.0 = Debug|Any CPU
		{A6A0BECE-72BE-4704-A661-CD57818CD0D4}.Release|Any CPU.ActiveCfg = Release|Any CPU
		{A6A0BECE-72BE-4704-A661-CD57818CD0D4}.Release|Any CPU.Build.0 = Release|Any CPU
	EndGlobalSection
	GlobalSection(SolutionProperties) = preSolution
		HideSolutionNode = FALSE
	EndGlobalSection
	GlobalSection(ExtensibilityGlobals) = postSolution
		SolutionGuid = {88F41B90-3F14-4E38-A316-C029030016FC}
	EndGlobalSection
EndGlobal
